
Microsoft Visual Studio Solution File, Format Version 12.00
# Visual Studio Version 17
VisualStudioVersion = 17.7.34009.444
MinimumVisualStudioVersion = 10.0.40219.1
Project("{FAE04EC0-301F-11D3-BF4B-00C04F79EFBC}") = "Movie.PL", "Movie.PL\Movie.PL.csproj", "{9C84A401-E30D-4C2F-96F7-D249A80E3987}"
EndProject
Project("{FAE04EC0-301F-11D3-BF4B-00C04F79EFBC}") = "Movie.DAL", "Movie.DAL\Movie.DAL.csproj", "{C9195C9E-BB4C-4274-B81A-B432FDE2B6F0}"
EndProject
Project("{FAE04EC0-301F-11D3-BF4B-00C04F79EFBC}") = "Movie.BL", "Movie.BL\Movie.BL.csproj", "{670635E1-7347-405D-B807-0869522BE6F8}"
EndProject
Global
	GlobalSection(SolutionConfigurationPlatforms) = preSolution
		Debug|Any CPU = Debug|Any CPU
		Release|Any CPU = Release|Any CPU
	EndGlobalSection
	GlobalSection(ProjectConfigurationPlatforms) = postSolution
		{9C84A401-E30D-4C2F-96F7-D249A80E3987}.Debug|Any CPU.ActiveCfg = Debug|Any CPU
		{9C84A401-E30D-4C2F-96F7-D249A80E3987}.Debug|Any CPU.Build.0 = Debug|Any CPU
		{9C84A401-E30D-4C2F-96F7-D249A80E3987}.Release|Any CPU.ActiveCfg = Release|Any CPU
		{9C84A401-E30D-4C2F-96F7-D249A80E3987}.Release|Any CPU.Build.0 = Release|Any CPU
		{C9195C9E-BB4C-4274-B81A-B432FDE2B6F0}.Debug|Any CPU.ActiveCfg = Debug|Any CPU
		{C9195C9E-BB4C-4274-B81A-B432FDE2B6F0}.Debug|Any CPU.Build.0 = Debug|Any CPU
		{C9195C9E-BB4C-4274-B81A-B432FDE2B6F0}.Release|Any CPU.ActiveCfg = Release|Any CPU
		{C9195C9E-BB4C-4274-B81A-B432FDE2B6F0}.Release|Any CPU.Build.0 = Release|Any CPU
		{670635E1-7347-405D-B807-0869522BE6F8}.Debug|Any CPU.ActiveCfg = Debug|Any CPU
		{670635E1-7347-405D-B807-0869522BE6F8}.Debug|Any CPU.Build.0 = Debug|Any CPU
		{670635E1-7347-405D-B807-0869522BE6F8}.Release|Any CPU.ActiveCfg = Release|Any CPU
		{670635E1-7347-405D-B807-0869522BE6F8}.Release|Any CPU.Build.0 = Release|Any CPU
	EndGlobalSection
	GlobalSection(SolutionProperties) = preSolution
		HideSolutionNode = FALSE
	EndGlobalSection
	GlobalSection(ExtensibilityGlobals) = postSolution
		SolutionGuid = {61323C77-D94A-4A36-95A0-CF3A87C4C728}
	EndGlobalSection
EndGlobal
